
Microsoft Visual Studio Solution File, Format Version 12.00
# Visual Studio 15
VisualStudioVersion = 15.0.27428.2037
MinimumVisualStudioVersion = 10.0.40219.1
Project("{FAE04EC0-301F-11D3-BF4B-00C04F79EFBC}") = "change_ip", "change_ip\change_ip.csproj", "{B802AF6F-FE4D-41FC-9E69-08E53FE0ACFE}"
EndProject
Global
	GlobalSection(SolutionConfigurationPlatforms) = preSolution
		Debug|Any CPU = Debug|Any CPU
		Release|Any CPU = Release|Any CPU
	EndGlobalSection
	GlobalSection(ProjectConfigurationPlatforms) = postSolution
		{B802AF6F-FE4D-41FC-9E69-08E53FE0ACFE}.Debug|Any CPU.ActiveCfg = Debug|Any CPU
		{B802AF6F-FE4D-41FC-9E69-08E53FE0ACFE}.Debug|Any CPU.Build.0 = Debug|Any CPU
		{B802AF6F-FE4D-41FC-9E69-08E53FE0ACFE}.Release|Any CPU.ActiveCfg = Release|Any CPU
		{B802AF6F-FE4D-41FC-9E69-08E53FE0ACFE}.Release|Any CPU.Build.0 = Release|Any CPU
	EndGlobalSection
	GlobalSection(SolutionProperties) = preSolution
		HideSolutionNode = FALSE
	EndGlobalSection
	GlobalSection(ExtensibilityGlobals) = postSolution
		SolutionGuid = {D440AB33-FDDF-4636-A92B-BFB5E7E518D6}
	EndGlobalSection
EndGlobal
